
Microsoft Visual Studio Solution File, Format Version 12.00
# Visual Studio Version 17
VisualStudioVersion = 17.9.34622.214
MinimumVisualStudioVersion = 10.0.40219.1
Project("{FAE04EC0-301F-11D3-BF4B-00C04F79EFBC}") = "Tugas Mandiri 11", "Tugas Mandiri 11\Tugas Mandiri 11.csproj", "{E93F0528-407F-4ACF-B707-752F625ACA7D}"
EndProject
Global
	GlobalSection(SolutionConfigurationPlatforms) = preSolution
		Debug|Any CPU = Debug|Any CPU
		Release|Any CPU = Release|Any CPU
	EndGlobalSection
	GlobalSection(ProjectConfigurationPlatforms) = postSolution
		{E93F0528-407F-4ACF-B707-752F625ACA7D}.Debug|Any CPU.ActiveCfg = Debug|Any CPU
		{E93F0528-407F-4ACF-B707-752F625ACA7D}.Debug|Any CPU.Build.0 = Debug|Any CPU
		{E93F0528-407F-4ACF-B707-752F625ACA7D}.Release|Any CPU.ActiveCfg = Release|Any CPU
		{E93F0528-407F-4ACF-B707-752F625ACA7D}.Release|Any CPU.Build.0 = Release|Any CPU
	EndGlobalSection
	GlobalSection(SolutionProperties) = preSolution
		HideSolutionNode = FALSE
	EndGlobalSection
	GlobalSection(ExtensibilityGlobals) = postSolution
		SolutionGuid = {C3193C12-CF08-4D22-8143-F000355CA233}
	EndGlobalSection
EndGlobal
